
Microsoft Visual Studio Solution File, Format Version 11.00
# Visual Studio 2010
Project("{8BC9CEB8-8B4A-11D0-8D11-00A0C91BC942}") = "semestralni_prace", "semestralni_prace.vcxproj", "{3FB8C559-85BE-47FE-B10D-ED2BA966411A}"
EndProject
Global
	GlobalSection(SolutionConfigurationPlatforms) = preSolution
		Debug|Win32 = Debug|Win32
		Release|Win32 = Release|Win32
	EndGlobalSection
	GlobalSection(ProjectConfigurationPlatforms) = postSolution
		{3FB8C559-85BE-47FE-B10D-ED2BA966411A}.Debug|Win32.ActiveCfg = Debug|Win32
		{3FB8C559-85BE-47FE-B10D-ED2BA966411A}.Debug|Win32.Build.0 = Debug|Win32
		{3FB8C559-85BE-47FE-B10D-ED2BA966411A}.Release|Win32.ActiveCfg = Release|Win32
		{3FB8C559-85BE-47FE-B10D-ED2BA966411A}.Release|Win32.Build.0 = Release|Win32
	EndGlobalSection
	GlobalSection(SolutionProperties) = preSolution
		HideSolutionNode = FALSE
	EndGlobalSection
EndGlobal
